# Code generated by scarb DO NOT EDIT.
version = 1

[[package]]
name = "openzeppelin"
version = "0.8.1"
source = "git+https://github.com/OpenZeppelin/cairo-contracts.git?tag=v0.8.1#89a450a88628ec3b86273f261b2d8d1ca9b1522b"

[[package]]
name = "stark_insured"
version = "0.1.0"
dependencies = [
 "openzeppelin",
]
